
Microsoft Visual Studio Solution File, Format Version 12.00
# Visual Studio Version 16
VisualStudioVersion = 16.0.31402.337
MinimumVisualStudioVersion = 10.0.40219.1
Project("{FAE04EC0-301F-11D3-BF4B-00C04F79EFBC}") = "SPF_Receipt", "SPF_Receipt.csproj", "{68666C81-0D08-4402-9F1F-2753972C9EEB}"
EndProject
Global
	GlobalSection(SolutionConfigurationPlatforms) = preSolution
		Debug|Any CPU = Debug|Any CPU
		Release|Any CPU = Release|Any CPU
	EndGlobalSection
	GlobalSection(ProjectConfigurationPlatforms) = postSolution
		{68666C81-0D08-4402-9F1F-2753972C9EEB}.Debug|Any CPU.ActiveCfg = Debug|Any CPU
		{68666C81-0D08-4402-9F1F-2753972C9EEB}.Debug|Any CPU.Build.0 = Debug|Any CPU
		{68666C81-0D08-4402-9F1F-2753972C9EEB}.Release|Any CPU.ActiveCfg = Release|Any CPU
		{68666C81-0D08-4402-9F1F-2753972C9EEB}.Release|Any CPU.Build.0 = Release|Any CPU
	EndGlobalSection
	GlobalSection(SolutionProperties) = preSolution
		HideSolutionNode = FALSE
	EndGlobalSection
	GlobalSection(ExtensibilityGlobals) = postSolution
		SolutionGuid = {1C7C77DA-463C-4564-B9A8-81F890116E24}
	EndGlobalSection
EndGlobal
